// !$*UTF8*$!
{
	archiveVersion = 1;
	classes = {
	};
	objectVersion = 46;
	objects = {

/* Begin PBXBuildFile section */
		2A7C37681C9168D700028E25 /* AppDelegate.swift in Sources */ = {isa = PBXBuildFile; fileRef = 2A7C37671C9168D700028E25 /* AppDelegate.swift */; };
		2A7C376F1C9168D700028E25 /* Assets.xcassets in Resources */ = {isa = PBXBuildFile; fileRef = 2A7C376E1C9168D700028E25 /* Assets.xcassets */; };
		2A7C377D1C9168D800028E25 /* CustomNavTests.swift in Sources */ = {isa = PBXBuildFile; fileRef = 2A7C377C1C9168D800028E25 /* CustomNavTests.swift */; };
		2A7C37881C9168D800028E25 /* CustomNavUITests.swift in Sources */ = {isa = PBXBuildFile; fileRef = 2A7C37871C9168D800028E25 /* CustomNavUITests.swift */; };
		2A7C379F1C9271DE00028E25 /* page4.storyboard in Resources */ = {isa = PBXBuildFile; fileRef = 2A7C379E1C9271DE00028E25 /* page4.storyboard */; };
		2A7C37A11C9271F200028E25 /* page4.swift in Sources */ = {isa = PBXBuildFile; fileRef = 2A7C37A01C9271F200028E25 /* page4.swift */; };
		2A7C37A31C92720B00028E25 /* page3.swift in Sources */ = {isa = PBXBuildFile; fileRef = 2A7C37A21C92720B00028E25 /* page3.swift */; };
		2A7C37A51C92721500028E25 /* page3.storyboard in Resources */ = {isa = PBXBuildFile; fileRef = 2A7C37A41C92721500028E25 /* page3.storyboard */; };
		2A7C37A71C92721B00028E25 /* page2.storyboard in Resources */ = {isa = PBXBuildFile; fileRef = 2A7C37A61C92721B00028E25 /* page2.storyboard */; };
		2A7C37A91C92722A00028E25 /* page2.swift in Sources */ = {isa = PBXBuildFile; fileRef = 2A7C37A81C92722A00028E25 /* page2.swift */; };
		2A7C37AB1C92723000028E25 /* page1.swift in Sources */ = {isa = PBXBuildFile; fileRef = 2A7C37AA1C92723000028E25 /* page1.swift */; };
		2A7C37AD1C92724000028E25 /* page1.storyboard in Resources */ = {isa = PBXBuildFile; fileRef = 2A7C37AC1C92724000028E25 /* page1.storyboard */; };
		2A7C37AF1C92725400028E25 /* Main.storyboard in Resources */ = {isa = PBXBuildFile; fileRef = 2A7C37AE1C92725400028E25 /* Main.storyboard */; };
		2A7C37B11C92726500028E25 /* Main.swift in Sources */ = {isa = PBXBuildFile; fileRef = 2A7C37B01C92726500028E25 /* Main.swift */; };
/* End PBXBuildFile section */

/* Begin PBXContainerItemProxy section */
		2A7C37791C9168D800028E25 /* PBXContainerItemProxy */ = {
			isa = PBXContainerItemProxy;
			containerPortal = 2A7C375C1C9168D700028E25 /* Project object */;
			proxyType = 1;
			remoteGlobalIDString = 2A7C37631C9168D700028E25;
			remoteInfo = CustomNav;
		};
		2A7C37841C9168D800028E25 /* PBXContainerItemProxy */ = {
			isa = PBXContainerItemProxy;
			containerPortal = 2A7C375C1C9168D700028E25 /* Project object */;
			proxyType = 1;
			remoteGlobalIDString = 2A7C37631C9168D700028E25;
			remoteInfo = CustomNav;
		};
/* End PBXContainerItemProxy section */

/* Begin PBXFileReference section */
		2A7C37641C9168D700028E25 /* CustomNav.app */ = {isa = PBXFileReference; explicitFileType = wrapper.application; includeInIndex = 0; path = CustomNav.app; sourceTree = BUILT_PRODUCTS_DIR; };
		2A7C37671C9168D700028E25 /* AppDelegate.swift */ = {isa = PBXFileReference; lastKnownFileType = sourcecode.swift; path = AppDelegate.swift; sourceTree = "<group>"; };
		2A7C376E1C9168D700028E25 /* Assets.xcassets */ = {isa = PBXFileReference; lastKnownFileType = folder.assetcatalog; path = Assets.xcassets; sourceTree = "<group>"; };
		2A7C37731C9168D700028E25 /* Info.plist */ = {isa = PBXFileReference; lastKnownFileType = text.plist.xml; path = Info.plist; sourceTree = "<group>"; };
		2A7C37781C9168D800028E25 /* CustomNavTests.xctest */ = {isa = PBXFileReference; explicitFileType = wrapper.cfbundle; includeInIndex = 0; path = CustomNavTests.xctest; sourceTree = BUILT_PRODUCTS_DIR; };
		2A7C377C1C9168D800028E25 /* CustomNavTests.swift */ = {isa = PBXFileReference; lastKnownFileType = sourcecode.swift; path = CustomNavTests.swift; sourceTree = "<group>"; };
		2A7C377E1C9168D800028E25 /* Info.plist */ = {isa = PBXFileReference; lastKnownFileType = text.plist.xml; path = Info.plist; sourceTree = "<group>"; };
		2A7C37831C9168D800028E25 /* CustomNavUITests.xctest */ = {isa = PBXFileReference; explicitFileType = wrapper.cfbundle; includeInIndex = 0; path = CustomNavUITests.xctest; sourceTree = BUILT_PRODUCTS_DIR; };
		2A7C37871C9168D800028E25 /* CustomNavUITests.swift */ = {isa = PBXFileReference; lastKnownFileType = sourcecode.swift; path = CustomNavUITests.swift; sourceTree = "<group>"; };
		2A7C37891C9168D800028E25 /* Info.plist */ = {isa = PBXFileReference; lastKnownFileType = text.plist.xml; path = Info.plist; sourceTree = "<group>"; };
		2A7C379E1C9271DE00028E25 /* page4.storyboard */ = {isa = PBXFileReference; fileEncoding = 4; lastKnownFileType = file.storyboard; path = page4.storyboard; sourceTree = "<group>"; };
		2A7C37A01C9271F200028E25 /* page4.swift */ = {isa = PBXFileReference; fileEncoding = 4; lastKnownFileType = sourcecode.swift; path = page4.swift; sourceTree = "<group>"; };
		2A7C37A21C92720B00028E25 /* page3.swift */ = {isa = PBXFileReference; fileEncoding = 4; lastKnownFileType = sourcecode.swift; path = page3.swift; sourceTree = "<group>"; };
		2A7C37A41C92721500028E25 /* page3.storyboard */ = {isa = PBXFileReference; fileEncoding = 4; lastKnownFileType = file.storyboard; path = page3.storyboard; sourceTree = "<group>"; };
		2A7C37A61C92721B00028E25 /* page2.storyboard */ = {isa = PBXFileReference; fileEncoding = 4; lastKnownFileType = file.storyboard; path = page2.storyboard; sourceTree = "<group>"; };
		2A7C37A81C92722A00028E25 /* page2.swift */ = {isa = PBXFileReference; fileEncoding = 4; lastKnownFileType = sourcecode.swift; path = page2.swift; sourceTree = "<group>"; };
		2A7C37AA1C92723000028E25 /* page1.swift */ = {isa = PBXFileReference; fileEncoding = 4; lastKnownFileType = sourcecode.swift; path = page1.swift; sourceTree = "<group>"; };
		2A7C37AC1C92724000028E25 /* page1.storyboard */ = {isa = PBXFileReference; fileEncoding = 4; lastKnownFileType = file.storyboard; path = page1.storyboard; sourceTree = "<group>"; };
		2A7C37AE1C92725400028E25 /* Main.storyboard */ = {isa = PBXFileReference; fileEncoding = 4; lastKnownFileType = file.storyboard; path = Main.storyboard; sourceTree = "<group>"; };
		2A7C37B01C92726500028E25 /* Main.swift */ = {isa = PBXFileReference; fileEncoding = 4; lastKnownFileType = sourcecode.swift; path = Main.swift; sourceTree = "<group>"; };
/* End PBXFileReference section */

/* Begin PBXFrameworksBuildPhase section */
		2A7C37611C9168D700028E25 /* Frameworks */ = {
			isa = PBXFrameworksBuildPhase;
			buildActionMask = 2147483647;
			files = (
			);
			runOnlyForDeploymentPostprocessing = 0;
		};
		2A7C37751C9168D800028E25 /* Frameworks */ = {
			isa = PBXFrameworksBuildPhase;
			buildActionMask = 2147483647;
			files = (
			);
			runOnlyForDeploymentPostprocessing = 0;
		};
		2A7C37801C9168D800028E25 /* Frameworks */ = {
			isa = PBXFrameworksBuildPhase;
			buildActionMask = 2147483647;
			files = (
			);
			runOnlyForDeploymentPostprocessing = 0;
		};
/* End PBXFrameworksBuildPhase section */

/* Begin PBXGroup section */
		2A7C375B1C9168D700028E25 = {
			isa = PBXGroup;
			children = (
				2A7C37661C9168D700028E25 /* CustomNav */,
				2A7C377B1C9168D800028E25 /* CustomNavTests */,
				2A7C37861C9168D800028E25 /* CustomNavUITests */,
				2A7C37651C9168D700028E25 /* Products */,
			);
			sourceTree = "<group>";
		};
		2A7C37651C9168D700028E25 /* Products */ = {
			isa = PBXGroup;
			children = (
				2A7C37641C9168D700028E25 /* CustomNav.app */,
				2A7C37781C9168D800028E25 /* CustomNavTests.xctest */,
				2A7C37831C9168D800028E25 /* CustomNavUITests.xctest */,
			);
			name = Products;
			sourceTree = "<group>";
		};
		2A7C37661C9168D700028E25 /* CustomNav */ = {
			isa = PBXGroup;
			children = (
				2A7C37951C92566B00028E25 /* Classes */,
				2A7C37671C9168D700028E25 /* AppDelegate.swift */,
				2A7C376E1C9168D700028E25 /* Assets.xcassets */,
				2A7C37731C9168D700028E25 /* Info.plist */,
			);
			path = CustomNav;
			sourceTree = "<group>";
		};
		2A7C377B1C9168D800028E25 /* CustomNavTests */ = {
			isa = PBXGroup;
			children = (
				2A7C377C1C9168D800028E25 /* CustomNavTests.swift */,
				2A7C377E1C9168D800028E25 /* Info.plist */,
			);
			path = CustomNavTests;
			sourceTree = "<group>";
		};
		2A7C37861C9168D800028E25 /* CustomNavUITests */ = {
			isa = PBXGroup;
			children = (
				2A7C37871C9168D800028E25 /* CustomNavUITests.swift */,
				2A7C37891C9168D800028E25 /* Info.plist */,
			);
			path = CustomNavUITests;
			sourceTree = "<group>";
		};
		2A7C37951C92566B00028E25 /* Classes */ = {
			isa = PBXGroup;
			children = (
				2A7C37981C92569600028E25 /* Tools */,
				2A7C37971C92568B00028E25 /* Model */,
				2A7C37961C92567E00028E25 /* Module */,
			);
			name = Classes;
			sourceTree = "<group>";
		};
		2A7C37961C92567E00028E25 /* Module */ = {
			isa = PBXGroup;
			children = (
				2A7C379D1C9256DB00028E25 /* Page4 */,
				2A7C379C1C9256D600028E25 /* Page3 */,
				2A7C379B1C9256CE00028E25 /* Page2 */,
				2A7C379A1C9256C100028E25 /* Page1 */,
				2A7C37991C9256B700028E25 /* Main */,
			);
			name = Module;
			sourceTree = "<group>";
		};
		2A7C37971C92568B00028E25 /* Model */ = {
			isa = PBXGroup;
			children = (
			);
			name = Model;
			sourceTree = "<group>";
		};
		2A7C37981C92569600028E25 /* Tools */ = {
			isa = PBXGroup;
			children = (
			);
			name = Tools;
			sourceTree = "<group>";
		};
		2A7C37991C9256B700028E25 /* Main */ = {
			isa = PBXGroup;
			children = (
				2A7C37AE1C92725400028E25 /* Main.storyboard */,
				2A7C37B01C92726500028E25 /* Main.swift */,
			);
			name = Main;
			sourceTree = "<group>";
		};
		2A7C379A1C9256C100028E25 /* Page1 */ = {
			isa = PBXGroup;
			children = (
				2A7C37AA1C92723000028E25 /* page1.swift */,
				2A7C37AC1C92724000028E25 /* page1.storyboard */,
			);
			name = Page1;
			sourceTree = "<group>";
		};
		2A7C379B1C9256CE00028E25 /* Page2 */ = {
			isa = PBXGroup;
			children = (
				2A7C37A61C92721B00028E25 /* page2.storyboard */,
				2A7C37A81C92722A00028E25 /* page2.swift */,
			);
			name = Page2;
			sourceTree = "<group>";
		};
		2A7C379C1C9256D600028E25 /* Page3 */ = {
			isa = PBXGroup;
			children = (
				2A7C37A21C92720B00028E25 /* page3.swift */,
				2A7C37A41C92721500028E25 /* page3.storyboard */,
			);
			name = Page3;
			sourceTree = "<group>";
		};
		2A7C379D1C9256DB00028E25 /* Page4 */ = {
			isa = PBXGroup;
			children = (
				2A7C379E1C9271DE00028E25 /* page4.storyboard */,
				2A7C37A01C9271F200028E25 /* page4.swift */,
			);
			name = Page4;
			sourceTree = "<group>";
		};
/* End PBXGroup section */

/* Begin PBXNativeTarget section */
		2A7C37631C9168D700028E25 /* CustomNav */ = {
			isa = PBXNativeTarget;
			buildConfigurationList = 2A7C378C1C9168D800028E25 /* Build configuration list for PBXNativeTarget "CustomNav" */;
			buildPhases = (
				2A7C37601C9168D700028E25 /* Sources */,
				2A7C37611C9168D700028E25 /* Frameworks */,
				2A7C37621C9168D700028E25 /* Resources */,
			);
			buildRules = (
			);
			dependencies = (
			);
			name = CustomNav;
			productName = CustomNav;
			productReference = 2A7C37641C9168D700028E25 /* CustomNav.app */;
			productType = "com.apple.product-type.application";
		};
		2A7C37771C9168D800028E25 /* CustomNavTests */ = {
			isa = PBXNativeTarget;
			buildConfigurationList = 2A7C378F1C9168D800028E25 /* Build configuration list for PBXNativeTarget "CustomNavTests" */;
			buildPhases = (
				2A7C37741C9168D800028E25 /* Sources */,
				2A7C37751C9168D800028E25 /* Frameworks */,
				2A7C37761C9168D800028E25 /* Resources */,
			);
			buildRules = (
			);
			dependencies = (
				2A7C377A1C9168D800028E25 /* PBXTargetDependency */,
			);
			name = CustomNavTests;
			productName = CustomNavTests;
			productReference = 2A7C37781C9168D800028E25 /* CustomNavTests.xctest */;
			productType = "com.apple.product-type.bundle.unit-test";
		};
		2A7C37821C9168D800028E25 /* CustomNavUITests */ = {
			isa = PBXNativeTarget;
			buildConfigurationList = 2A7C37921C9168D800028E25 /* Build configuration list for PBXNativeTarget "CustomNavUITests" */;
			buildPhases = (
				2A7C377F1C9168D800028E25 /* Sources */,
				2A7C37801C9168D800028E25 /* Frameworks */,
				2A7C37811C9168D800028E25 /* Resources */,
			);
			buildRules = (
			);
			dependencies = (
				2A7C37851C9168D800028E25 /* PBXTargetDependency */,
			);
			name = CustomNavUITests;
			productName = CustomNavUITests;
			productReference = 2A7C37831C9168D800028E25 /* CustomNavUITests.xctest */;
			productType = "com.apple.product-type.bundle.ui-testing";
		};
/* End PBXNativeTarget section */

/* Begin PBXProject section */
		2A7C375C1C9168D700028E25 /* Project object */ = {
			isa = PBXProject;
			attributes = {
				LastSwiftUpdateCheck = 0720;
				LastUpgradeCheck = 0720;
				ORGANIZATIONNAME = iOS;
				TargetAttributes = {
					2A7C37631C9168D700028E25 = {
						CreatedOnToolsVersion = 7.2;
					};
					2A7C37771C9168D800028E25 = {
						CreatedOnToolsVersion = 7.2;
						TestTargetID = 2A7C37631C9168D700028E25;
					};
					2A7C37821C9168D800028E25 = {
						CreatedOnToolsVersion = 7.2;
						TestTargetID = 2A7C37631C9168D700028E25;
					};
				};
			};
			buildConfigurationList = 2A7C375F1C9168D700028E25 /* Build configuration list for PBXProject "CustomNav" */;
			compatibilityVersion = "Xcode 3.2";
			developmentRegion = English;
			hasScannedForEncodings = 0;
			knownRegions = (
				en,
				Base,
			);
			mainGroup = 2A7C375B1C9168D700028E25;
			productRefGroup = 2A7C37651C9168D700028E25 /* Products */;
			projectDirPath = "";
			projectRoot = "";
			targets = (
				2A7C37631C9168D700028E25 /* CustomNav */,
				2A7C37771C9168D800028E25 /* CustomNavTests */,
				2A7C37821C9168D800028E25 /* CustomNavUITests */,
			);
		};
/* End PBXProject section */

/* Begin PBXResourcesBuildPhase section */
		2A7C37621C9168D700028E25 /* Resources */ = {
			isa = PBXResourcesBuildPhase;
			buildActionMask = 2147483647;
			files = (
				2A7C379F1C9271DE00028E25 /* page4.storyboard in Resources */,
				2A7C376F1C9168D700028E25 /* Assets.xcassets in Resources */,
				2A7C37AD1C92724000028E25 /* page1.storyboard in Resources */,
				2A7C37AF1C92725400028E25 /* Main.storyboard in Resources */,
				2A7C37A71C92721B00028E25 /* page2.storyboard in Resources */,
				2A7C37A51C92721500028E25 /* page3.storyboard in Resources */,
			);
			runOnlyForDeploymentPostprocessing = 0;
		};
		2A7C37761C9168D800028E25 /* Resources */ = {
			isa = PBXResourcesBuildPhase;
			buildActionMask = 2147483647;
			files = (
			);
			runOnlyForDeploymentPostprocessing = 0;
		};
		2A7C37811C9168D800028E25 /* Resources */ = {
			isa = PBXResourcesBuildPhase;
			buildActionMask = 2147483647;
			files = (
			);
			runOnlyForDeploymentPostprocessing = 0;
		};
/* End PBXResourcesBuildPhase section */

/* Begin PBXSourcesBuildPhase section */
		2A7C37601C9168D700028E25 /* Sources */ = {
			isa = PBXSourcesBuildPhase;
			buildActionMask = 2147483647;
			files = (
				2A7C37B11C92726500028E25 /* Main.swift in Sources */,
				2A7C37681C9168D700028E25 /* AppDelegate.swift in Sources */,
				2A7C37A91C92722A00028E25 /* page2.swift in Sources */,
				2A7C37AB1C92723000028E25 /* page1.swift in Sources */,
				2A7C37A11C9271F200028E25 /* page4.swift in Sources */,
				2A7C37A31C92720B00028E25 /* page3.swift in Sources */,
			);
			runOnlyForDeploymentPostprocessing = 0;
		};
		2A7C37741C9168D800028E25 /* Sources */ = {
			isa = PBXSourcesBuildPhase;
			buildActionMask = 2147483647;
			files = (
				2A7C377D1C9168D800028E25 /* CustomNavTests.swift in Sources */,
			);
			runOnlyForDeploymentPostprocessing = 0;
		};
		2A7C377F1C9168D800028E25 /* Sources */ = {
			isa = PBXSourcesBuildPhase;
			buildActionMask = 2147483647;
			files = (
				2A7C37881C9168D800028E25 /* CustomNavUITests.swift in Sources */,
			);
			runOnlyForDeploymentPostprocessing = 0;
		};
/* End PBXSourcesBuildPhase section */

/* Begin PBXTargetDependency section */
		2A7C377A1C9168D800028E25 /* PBXTargetDependency */ = {
			isa = PBXTargetDependency;
			target = 2A7C37631C9168D700028E25 /* CustomNav */;
			targetProxy = 2A7C37791C9168D800028E25 /* PBXContainerItemProxy */;
		};
		2A7C37851C9168D800028E25 /* PBXTargetDependency */ = {
			isa = PBXTargetDependency;
			target = 2A7C37631C9168D700028E25 /* CustomNav */;
			targetProxy = 2A7C37841C9168D800028E25 /* PBXContainerItemProxy */;
		};
/* End PBXTargetDependency section */

/* Begin XCBuildConfiguration section */
		2A7C378A1C9168D800028E25 /* Debug */ = {
			isa = XCBuildConfiguration;
			buildSettings = {
				ALWAYS_SEARCH_USER_PATHS = NO;
				CLANG_CXX_LANGUAGE_STANDARD = "gnu++0x";
				CLANG_CXX_LIBRARY = "libc++";
				CLANG_ENABLE_MODULES = YES;
				CLANG_ENABLE_OBJC_ARC = YES;
				CLANG_WARN_BOOL_CONVERSION = YES;
				CLANG_WARN_CONSTANT_CONVERSION = YES;
				CLANG_WARN_DIRECT_OBJC_ISA_USAGE = YES_ERROR;
				CLANG_WARN_EMPTY_BODY = YES;
				CLANG_WARN_ENUM_CONVERSION = YES;
				CLANG_WARN_INT_CONVERSION = YES;
				CLANG_WARN_OBJC_ROOT_CLASS = YES_ERROR;
				CLANG_WARN_UNREACHABLE_CODE = YES;
				CLANG_WARN__DUPLICATE_METHOD_MATCH = YES;
				"CODE_SIGN_IDENTITY[sdk=iphoneos*]" = "iPhone Developer";
				COPY_PHASE_STRIP = NO;
				DEBUG_INFORMATION_FORMAT = dwarf;
				ENABLE_STRICT_OBJC_MSGSEND = YES;
				ENABLE_TESTABILITY = YES;
				GCC_C_LANGUAGE_STANDARD = gnu99;
				GCC_DYNAMIC_NO_PIC = NO;
				GCC_NO_COMMON_BLOCKS = YES;
				GCC_OPTIMIZATION_LEVEL = 0;
				GCC_PREPROCESSOR_DEFINITIONS = (
					"DEBUG=1",
					"$(inherited)",
				);
				GCC_WARN_64_TO_32_BIT_CONVERSION = YES;
				GCC_WARN_ABOUT_RETURN_TYPE = YES_ERROR;
				GCC_WARN_UNDECLARED_SELECTOR = YES;
				GCC_WARN_UNINITIALIZED_AUTOS = YES_AGGRESSIVE;
				GCC_WARN_UNUSED_FUNCTION = YES;
				GCC_WARN_UNUSED_VARIABLE = YES;
				IPHONEOS_DEPLOYMENT_TARGET = 9.2;
				MTL_ENABLE_DEBUG_INFO = YES;
				ONLY_ACTIVE_ARCH = YES;
				SDKROOT = iphoneos;
				SWIFT_OPTIMIZATION_LEVEL = "-Onone";
				TARGETED_DEVICE_FAMILY = "1,2";
			};
			name = Debug;
		};
		2A7C378B1C9168D800028E25 /* Release */ = {
			isa = XCBuildConfiguration;
			buildSettings = {
				ALWAYS_SEARCH_USER_PATHS = NO;
				CLANG_CXX_LANGUAGE_STANDARD = "gnu++0x";
				CLANG_CXX_LIBRARY = "libc++";
				CLANG_ENABLE_MODULES = YES;
				CLANG_ENABLE_OBJC_ARC = YES;
				CLANG_WARN_BOOL_CONVERSION = YES;
				CLANG_WARN_CONSTANT_CONVERSION = YES;
				CLANG_WARN_DIRECT_OBJC_ISA_USAGE = YES_ERROR;
				CLANG_WARN_EMPTY_BODY = YES;
				CLANG_WARN_ENUM_CONVERSION = YES;
				CLANG_WARN_INT_CONVERSION = YES;
				CLANG_WARN_OBJC_ROOT_CLASS = YES_ERROR;
				CLANG_WARN_UNREACHABLE_CODE = YES;
				CLANG_WARN__DUPLICATE_METHOD_MATCH = YES;
				"CODE_SIGN_IDENTITY[sdk=iphoneos*]" = "iPhone Developer";
				COPY_PHASE_STRIP = NO;
				DEBUG_INFORMATION_FORMAT = "dwarf-with-dsym";
				ENABLE_NS_ASSERTIONS = NO;
				ENABLE_STRICT_OBJC_MSGSEND = YES;
				GCC_C_LANGUAGE_STANDARD = gnu99;
				GCC_NO_COMMON_BLOCKS = YES;
				GCC_WARN_64_TO_32_BIT_CONVERSION = YES;
				GCC_WARN_ABOUT_RETURN_TYPE = YES_ERROR;
				GCC_WARN_UNDECLARED_SELECTOR = YES;
				GCC_WARN_UNINITIALIZED_AUTOS = YES_AGGRESSIVE;
				GCC_WARN_UNUSED_FUNCTION = YES;
				GCC_WARN_UNUSED_VARIABLE = YES;
				IPHONEOS_DEPLOYMENT_TARGET = 9.2;
				MTL_ENABLE_DEBUG_INFO = NO;
				SDKROOT = iphoneos;
				TARGETED_DEVICE_FAMILY = "1,2";
				VALIDATE_PRODUCT = YES;
			};
			name = Release;
		};
		2A7C378D1C9168D800028E25 /* Debug */ = {
			isa = XCBuildConfiguration;
			buildSettings = {
				ASSETCATALOG_COMPILER_APPICON_NAME = AppIcon;
				INFOPLIST_FILE = CustomNav/Info.plist;
				LD_RUNPATH_SEARCH_PATHS = "$(inherited) @executable_path/Frameworks";
				PRODUCT_BUNDLE_IDENTIFIER = cc.CustomNav;
				PRODUCT_NAME = "$(TARGET_NAME)";
			};
			name = Debug;
		};
		2A7C378E1C9168D800028E25 /* Release */ = {
			isa = XCBuildConfiguration;
			buildSettings = {
				ASSETCATALOG_COMPILER_APPICON_NAME = AppIcon;
				INFOPLIST_FILE = CustomNav/Info.plist;
				LD_RUNPATH_SEARCH_PATHS = "$(inherited) @executable_path/Frameworks";
				PRODUCT_BUNDLE_IDENTIFIER = cc.CustomNav;
				PRODUCT_NAME = "$(TARGET_NAME)";
			};
			name = Release;
		};
		2A7C37901C9168D800028E25 /* Debug */ = {
			isa = XCBuildConfiguration;
			buildSettings = {
				BUNDLE_LOADER = "$(TEST_HOST)";
				INFOPLIST_FILE = CustomNavTests/Info.plist;
				LD_RUNPATH_SEARCH_PATHS = "$(inherited) @executable_path/Frameworks @loader_path/Frameworks";
				PRODUCT_BUNDLE_IDENTIFIER = cc.CustomNavTests;
				PRODUCT_NAME = "$(TARGET_NAME)";
				TEST_HOST = "$(BUILT_PRODUCTS_DIR)/CustomNav.app/CustomNav";
			};
			name = Debug;
		};
		2A7C37911C9168D800028E25 /* Release */ = {
			isa = XCBuildConfiguration;
			buildSettings = {
				BUNDLE_LOADER = "$(TEST_HOST)";
				INFOPLIST_FILE = CustomNavTests/Info.plist;
				LD_RUNPATH_SEARCH_PATHS = "$(inherited) @executable_path/Frameworks @loader_path/Frameworks";
				PRODUCT_BUNDLE_IDENTIFIER = cc.CustomNavTests;
				PRODUCT_NAME = "$(TARGET_NAME)";
				TEST_HOST = "$(BUILT_PRODUCTS_DIR)/CustomNav.app/CustomNav";
			};
			name = Release;
		};
		2A7C37931C9168D800028E25 /* Debug */ = {
			isa = XCBuildConfiguration;
			buildSettings = {
				INFOPLIST_FILE = CustomNavUITests/Info.plist;
				LD_RUNPATH_SEARCH_PATHS = "$(inherited) @executable_path/Frameworks @loader_path/Frameworks";
				PRODUCT_BUNDLE_IDENTIFIER = cc.CustomNavUITests;
				PRODUCT_NAME = "$(TARGET_NAME)";
				TEST_TARGET_NAME = CustomNav;
				USES_XCTRUNNER = YES;
			};
			name = Debug;
		};
		2A7C37941C9168D800028E25 /* Release */ = {
			isa = XCBuildConfiguration;
			buildSettings = {
				INFOPLIST_FILE = CustomNavUITests/Info.plist;
				LD_RUNPATH_SEARCH_PATHS = "$(inherited) @executable_path/Frameworks @loader_path/Frameworks";
				PRODUCT_BUNDLE_IDENTIFIER = cc.CustomNavUITests;
				PRODUCT_NAME = "$(TARGET_NAME)";
				TEST_TARGET_NAME = CustomNav;
				USES_XCTRUNNER = YES;
			};
			name = Release;
		};
/* End XCBuildConfiguration section */

/* Begin XCConfigurationList section */
		2A7C375F1C9168D700028E25 /* Build configuration list for PBXProject "CustomNav" */ = {
			isa = XCConfigurationList;
			buildConfigurations = (
				2A7C378A1C9168D800028E25 /* Debug */,
				2A7C378B1C9168D800028E25 /* Release */,
			);
			defaultConfigurationIsVisible = 0;
			defaultConfigurationName = Release;
		};
		2A7C378C1C9168D800028E25 /* Build configuration list for PBXNativeTarget "CustomNav" */ = {
			isa = XCConfigurationList;
			buildConfigurations = (
				2A7C378D1C9168D800028E25 /* Debug */,
				2A7C378E1C9168D800028E25 /* Release */,
			);
			defaultConfigurationIsVisible = 0;
		};
		2A7C378F1C9168D800028E25 /* Build configuration list for PBXNativeTarget "CustomNavTests" */ = {
			isa = XCConfigurationList;
			buildConfigurations = (
				2A7C37901C9168D800028E25 /* Debug */,
				2A7C37911C9168D800028E25 /* Release */,
			);
			defaultConfigurationIsVisible = 0;
		};
		2A7C37921C9168D800028E25 /* Build configuration list for PBXNativeTarget "CustomNavUITests" */ = {
			isa = XCConfigurationList;
			buildConfigurations = (
				2A7C37931C9168D800028E25 /* Debug */,
				2A7C37941C9168D800028E25 /* Release */,
			);
			defaultConfigurationIsVisible = 0;
		};
/* End XCConfigurationList section */
	};
	rootObject = 2A7C375C1C9168D700028E25 /* Project object */;
}
